
Microsoft Visual Studio Solution File, Format Version 12.00
# Visual Studio Version 17
VisualStudioVersion = 17.3.32929.385
MinimumVisualStudioVersion = 10.0.40219.1
Project("{9A19103F-16F7-4668-BE54-9A1E7A4F7556}") = "AlfValidationHelper", "AlfValidationHelper\AlfValidationHelper.csproj", "{03833EDD-F21E-421F-88EF-E115C26EE431}"
EndProject
Project("{FAE04EC0-301F-11D3-BF4B-00C04F79EFBC}") = "ConsoleApp1", "ConsoleApp1\ConsoleApp1.csproj", "{F97FB4D5-B6C1-4164-9393-84F600B15146}"
EndProject
Global
	GlobalSection(SolutionConfigurationPlatforms) = preSolution
		Debug|Any CPU = Debug|Any CPU
		Release|Any CPU = Release|Any CPU
	EndGlobalSection
	GlobalSection(ProjectConfigurationPlatforms) = postSolution
		{03833EDD-F21E-421F-88EF-E115C26EE431}.Debug|Any CPU.ActiveCfg = Debug|Any CPU
		{03833EDD-F21E-421F-88EF-E115C26EE431}.Debug|Any CPU.Build.0 = Debug|Any CPU
		{03833EDD-F21E-421F-88EF-E115C26EE431}.Release|Any CPU.ActiveCfg = Release|Any CPU
		{03833EDD-F21E-421F-88EF-E115C26EE431}.Release|Any CPU.Build.0 = Release|Any CPU
		{F97FB4D5-B6C1-4164-9393-84F600B15146}.Debug|Any CPU.ActiveCfg = Debug|Any CPU
		{F97FB4D5-B6C1-4164-9393-84F600B15146}.Debug|Any CPU.Build.0 = Debug|Any CPU
		{F97FB4D5-B6C1-4164-9393-84F600B15146}.Release|Any CPU.ActiveCfg = Release|Any CPU
		{F97FB4D5-B6C1-4164-9393-84F600B15146}.Release|Any CPU.Build.0 = Release|Any CPU
	EndGlobalSection
	GlobalSection(SolutionProperties) = preSolution
		HideSolutionNode = FALSE
	EndGlobalSection
	GlobalSection(ExtensibilityGlobals) = postSolution
		SolutionGuid = {2E71FE59-AF2F-4A08-9365-1B8A0EDFC215}
	EndGlobalSection
EndGlobal
